
Microsoft Visual Studio Solution File, Format Version 12.00
# Visual Studio Version 17
VisualStudioVersion = 17.14.36518.9 d17.14
MinimumVisualStudioVersion = 10.0.40219.1
Project("{FAE04EC0-301F-11D3-BF4B-00C04F79EFBC}") = "Y0KAI_BnB", "Y0KAI_BnB.csproj", "{A16E28B6-AFC5-4461-903B-A61DE5C124A3}"
EndProject
Global
	GlobalSection(SolutionConfigurationPlatforms) = preSolution
		Debug|Any CPU = Debug|Any CPU
		Release|Any CPU = Release|Any CPU
	EndGlobalSection
	GlobalSection(ProjectConfigurationPlatforms) = postSolution
		{A16E28B6-AFC5-4461-903B-A61DE5C124A3}.Debug|Any CPU.ActiveCfg = Debug|Any CPU
		{A16E28B6-AFC5-4461-903B-A61DE5C124A3}.Debug|Any CPU.Build.0 = Debug|Any CPU
		{A16E28B6-AFC5-4461-903B-A61DE5C124A3}.Release|Any CPU.ActiveCfg = Release|Any CPU
		{A16E28B6-AFC5-4461-903B-A61DE5C124A3}.Release|Any CPU.Build.0 = Release|Any CPU
	EndGlobalSection
	GlobalSection(SolutionProperties) = preSolution
		HideSolutionNode = FALSE
	EndGlobalSection
	GlobalSection(ExtensibilityGlobals) = postSolution
		SolutionGuid = {E6CACFBD-8E09-461C-843D-081912861295}
	EndGlobalSection
EndGlobal
