
Microsoft Visual Studio Solution File, Format Version 12.00
# Visual Studio Version 17
VisualStudioVersion = 17.14.36518.9 d17.14
MinimumVisualStudioVersion = 10.0.40219.1
Project("{FAE04EC0-301F-11D3-BF4B-00C04F79EFBC}") = "Y0KAI_SA", "Y0KAI_SA.csproj", "{60A80E86-454F-45CE-A5EB-6194ACACB59C}"
EndProject
Global
	GlobalSection(SolutionConfigurationPlatforms) = preSolution
		Debug|Any CPU = Debug|Any CPU
		Release|Any CPU = Release|Any CPU
	EndGlobalSection
	GlobalSection(ProjectConfigurationPlatforms) = postSolution
		{60A80E86-454F-45CE-A5EB-6194ACACB59C}.Debug|Any CPU.ActiveCfg = Debug|Any CPU
		{60A80E86-454F-45CE-A5EB-6194ACACB59C}.Debug|Any CPU.Build.0 = Debug|Any CPU
		{60A80E86-454F-45CE-A5EB-6194ACACB59C}.Release|Any CPU.ActiveCfg = Release|Any CPU
		{60A80E86-454F-45CE-A5EB-6194ACACB59C}.Release|Any CPU.Build.0 = Release|Any CPU
	EndGlobalSection
	GlobalSection(SolutionProperties) = preSolution
		HideSolutionNode = FALSE
	EndGlobalSection
	GlobalSection(ExtensibilityGlobals) = postSolution
		SolutionGuid = {79E40D5E-25E9-4E33-810A-8497630A7B64}
	EndGlobalSection
EndGlobal
